{
  "lockfileVersion": 1,
  "configVersion": 1,
  "workspaces": {
    "": {
      "dependencies": {
        "react-material-web": "^2.2.2",
      },
    },
  },
  "packages": {
    "@fontsource/roboto": ["@fontsource/roboto@5.3.0", "https://registry.npmmirror.com/@fontsource/roboto/-/roboto-5.3.0.tgz", {}, "sha512-BapRJOWYP+LZ21zp+wBQjfpPYKRoxc4LspJ/RLuI+HSMBD5u/X4O+ESDrSvEqDSy0rAl7GwBJ+09mdc16cVQ1Q=="],

    "@lit-labs/ssr-dom-shim": ["@lit-labs/ssr-dom-shim@1.6.0", "https://registry.npmmirror.com/@lit-labs/ssr-dom-shim/-/ssr-dom-shim-1.6.0.tgz", {}, "sha512-VHb0ALPMTlgKjM6yIxxoQNnpKyUKLD04VzeQdsiXkMqkvYlAHxq9glGLmgbb889/1GsohSOAjvQYoiBppXFqrQ=="],

    "@lit/context": ["@lit/context@1.1.6", "https://registry.npmmirror.com/@lit/context/-/context-1.1.6.tgz", { "dependencies": { "@lit/reactive-element": "^1.6.2 || ^2.1.0" } }, "sha512-M26qDE6UkQbZA2mQ3RjJ3Gzd8TxP+/0obMgE5HfkfLhEEyYE3Bui4A5XHiGPjy0MUGAyxB3QgVuw2ciS0kHn6A=="],

    "@lit/react": ["@lit/react@1.0.8", "https://registry.npmmirror.com/@lit/react/-/react-1.0.8.tgz", { "peerDependencies": { "@types/react": "17 || 18 || 19" } }, "sha512-p2+YcF+JE67SRX3mMlJ1TKCSTsgyOVdAwd/nxp3NuV1+Cb6MWALbN6nT7Ld4tpmYofcE5kcaSY1YBB9erY+6fw=="],

    "@lit/reactive-element": ["@lit/reactive-element@2.1.2", "https://registry.npmmirror.com/@lit/reactive-element/-/reactive-element-2.1.2.tgz", { "dependencies": { "@lit-labs/ssr-dom-shim": "^1.5.0" } }, "sha512-pbCDiVMnne1lYUIaYNN5wrwQXDtHaYtg7YEFPeW+hws6U47WeFvISGUWekPGKWOP1ygrs0ef0o1VJMk1exos5A=="],

    "@material/web": ["@material/web@2.5.0", "https://registry.npmmirror.com/@material/web/-/web-2.5.0.tgz", { "dependencies": { "@lit/context": "^1.1.6", "lit": "^2.8.0 || ^3.0.0", "tslib": "^2.4.0" } }, "sha512-x2Uovyq8E/Zc1xHXd9s1eBMXF5pMHVAt70pISKd0fL3Ajj4L6zQaQUY/awcfR2RDAMKXC7i4+vr0arv1YaOR/g=="],

    "@types/react": ["@types/react@19.2.18", "https://registry.npmmirror.com/@types/react/-/react-19.2.18.tgz", { "dependencies": { "csstype": "^3.2.2" } }, "sha512-AnzbBERsrLKtk2XSfTbYRLjQPdy116Sty4q+T+Bp3IC4l6jNBvreVPAHmpq9qhXQM7CXZPjLVmGMw9sy+hxQ3w=="],

    "@types/trusted-types": ["@types/trusted-types@2.0.7", "https://registry.npmmirror.com/@types/trusted-types/-/trusted-types-2.0.7.tgz", {}, "sha512-ScaPdn1dQczgbl0QFTeTOmVHFULt394XJgOQNoyVhZ6r2vLnMLJfBPd53SB52T/3G36VI1/g2MZaX0cwDuXsfw=="],

    "csstype": ["csstype@3.2.3", "https://registry.npmmirror.com/csstype/-/csstype-3.2.3.tgz", {}, "sha512-z1HGKcYy2xA8AGQfwrn0PAy+PB7X/GSj3UVJW9qKyn43xWa+gl5nXmU4qqLMRzWVLFC8KusUX8T/0kCiOYpAIQ=="],

    "lit": ["lit@3.3.3", "https://registry.npmmirror.com/lit/-/lit-3.3.3.tgz", { "dependencies": { "@lit/reactive-element": "^2.1.0", "lit-element": "^4.2.0", "lit-html": "^3.3.0" } }, "sha512-fycuvZg/hkpozL00lm1pEJH5nN/lr9ZXd6mJI2HSN4+Bzc+LDNdEApJ6HFbPkdFNHLvOplIIuJvxkS4XUxqirw=="],

    "lit-element": ["lit-element@4.2.2", "https://registry.npmmirror.com/lit-element/-/lit-element-4.2.2.tgz", { "dependencies": { "@lit-labs/ssr-dom-shim": "^1.5.0", "@lit/reactive-element": "^2.1.0", "lit-html": "^3.3.0" } }, "sha512-aFKhNToWxoyhkNDmWZwEva2SlQia+jfG0fjIWV//YeTaWrVnOxD89dPKfigCUspXFmjzOEUQpOkejH5Ly6sG0w=="],

    "lit-html": ["lit-html@3.3.3", "https://registry.npmmirror.com/lit-html/-/lit-html-3.3.3.tgz", { "dependencies": { "@types/trusted-types": "^2.0.2" } }, "sha512-el8M6jK2o3RXBnrSHX3ZKrsN8zEV63pSExTO1wYJz7QndGYZ8353e2a5PPX+qHe2aGayfnchQmkAojaWAREOIA=="],

    "material-symbols": ["material-symbols@0.28.2", "https://registry.npmmirror.com/material-symbols/-/material-symbols-0.28.2.tgz", {}, "sha512-JLK+Bgtfg5Dn9V2WYk6lSwmxciNNF2zmqc/V8MLmH0K9LttUhPCaauJzrS1Vw3mJPs/Tyfi/tszynNRX6nWQOA=="],

    "react-material-web": ["react-material-web@2.2.2", "https://registry.npmmirror.com/react-material-web/-/react-material-web-2.2.2.tgz", { "dependencies": { "@fontsource/roboto": "^5.1.1", "@lit/react": "^1.0.7", "@material/web": "^2.2.0", "material-symbols": "^0.28.1" } }, "sha512-FvVI9ttEJeCoCEFupWSmXGURHOruFlzjOLxSe6NVWZHux/960I8aaN3u4Tgz7bNaCFjI+QiJn0+zFO/RzHmDVw=="],

    "tslib": ["tslib@2.8.1", "https://registry.npmmirror.com/tslib/-/tslib-2.8.1.tgz", {}, "sha512-oJFu94HQb+KVduSUQL7wnpmqnfmLsOA/nAh6b6EH0wCEoK0/mPeXU6c3wKDV83MkOuHPRHtSXKKU99IBazS/2w=="],
  }
}
